// !$*UTF8*$!
{
	archiveVersion = 1;
	classes = {
	};
	objectVersion = 50;
	objects = {

/* Begin PBXBuildFile section */
		7038501326B6BCA100193D22 /* YoutubeStyle.swift in Sources */ = {isa = PBXBuildFile; fileRef = 7038501226B6BCA100193D22 /* YoutubeStyle.swift */; };
		7039042E26B78F0F0051821E /* HomeMarketplace.swift in Sources */ = {isa = PBXBuildFile; fileRef = 7039042D26B78F0F0051821E /* HomeMarketplace.swift */; };
		7039043026B790BC0051821E /* Structure.swift in Sources */ = {isa = PBXBuildFile; fileRef = 7039042F26B790BC0051821E /* Structure.swift */; };
		7039043226B790C50051821E /* Data.swift in Sources */ = {isa = PBXBuildFile; fileRef = 7039043126B790C50051821E /* Data.swift */; };
		70E5B99826B6A77500047E97 /* AppDelegate.swift in Sources */ = {isa = PBXBuildFile; fileRef = 70E5B99726B6A77500047E97 /* AppDelegate.swift */; };
		70E5B99A26B6A77500047E97 /* SceneDelegate.swift in Sources */ = {isa = PBXBuildFile; fileRef = 70E5B99926B6A77500047E97 /* SceneDelegate.swift */; };
		70E5B99C26B6A77500047E97 /* ContentView.swift in Sources */ = {isa = PBXBuildFile; fileRef = 70E5B99B26B6A77500047E97 /* ContentView.swift */; };
		70E5B99F26B6A77500047E97 /* PortfolioDhika.xcdatamodeld in Sources */ = {isa = PBXBuildFile; fileRef = 70E5B99D26B6A77500047E97 /* PortfolioDhika.xcdatamodeld */; };
		70E5B9A126B6A77600047E97 /* Assets.xcassets in Resources */ = {isa = PBXBuildFile; fileRef = 70E5B9A026B6A77600047E97 /* Assets.xcassets */; };
		70E5B9A426B6A77600047E97 /* Preview Assets.xcassets in Resources */ = {isa = PBXBuildFile; fileRef = 70E5B9A326B6A77600047E97 /* Preview Assets.xcassets */; };
		70E5B9A726B6A77600047E97 /* LaunchScreen.storyboard in Resources */ = {isa = PBXBuildFile; fileRef = 70E5B9A526B6A77600047E97 /* LaunchScreen.storyboard */; };
		70E5B9B526B6A94700047E97 /* Home.swift in Sources */ = {isa = PBXBuildFile; fileRef = 70E5B9B426B6A94700047E97 /* Home.swift */; };
/* End PBXBuildFile section */

/* Begin PBXFileReference section */
		7038501226B6BCA100193D22 /* YoutubeStyle.swift */ = {isa = PBXFileReference; lastKnownFileType = sourcecode.swift; path = YoutubeStyle.swift; sourceTree = "<group>"; };
		7039042D26B78F0F0051821E /* HomeMarketplace.swift */ = {isa = PBXFileReference; lastKnownFileType = sourcecode.swift; path = HomeMarketplace.swift; sourceTree = "<group>"; };
		7039042F26B790BC0051821E /* Structure.swift */ = {isa = PBXFileReference; lastKnownFileType = sourcecode.swift; path = Structure.swift; sourceTree = "<group>"; };
		7039043126B790C50051821E /* Data.swift */ = {isa = PBXFileReference; lastKnownFileType = sourcecode.swift; path = Data.swift; sourceTree = "<group>"; };
		70E5B99426B6A77500047E97 /* PortfolioDhika.app */ = {isa = PBXFileReference; explicitFileType = wrapper.application; includeInIndex = 0; path = PortfolioDhika.app; sourceTree = BUILT_PRODUCTS_DIR; };
		70E5B99726B6A77500047E97 /* AppDelegate.swift */ = {isa = PBXFileReference; lastKnownFileType = sourcecode.swift; path = AppDelegate.swift; sourceTree = "<group>"; };
		70E5B99926B6A77500047E97 /* SceneDelegate.swift */ = {isa = PBXFileReference; lastKnownFileType = sourcecode.swift; path = SceneDelegate.swift; sourceTree = "<group>"; };
		70E5B99B26B6A77500047E97 /* ContentView.swift */ = {isa = PBXFileReference; lastKnownFileType = sourcecode.swift; path = ContentView.swift; sourceTree = "<group>"; };
		70E5B99E26B6A77500047E97 /* PortfolioDhika.xcdatamodel */ = {isa = PBXFileReference; lastKnownFileType = wrapper.xcdatamodel; path = PortfolioDhika.xcdatamodel; sourceTree = "<group>"; };
		70E5B9A026B6A77600047E97 /* Assets.xcassets */ = {isa = PBXFileReference; lastKnownFileType = folder.assetcatalog; path = Assets.xcassets; sourceTree = "<group>"; };
		70E5B9A326B6A77600047E97 /* Preview Assets.xcassets */ = {isa = PBXFileReference; lastKnownFileType = folder.assetcatalog; path = "Preview Assets.xcassets"; sourceTree = "<group>"; };
		70E5B9A626B6A77600047E97 /* Base */ = {isa = PBXFileReference; lastKnownFileType = file.storyboard; name = Base; path = Base.lproj/LaunchScreen.storyboard; sourceTree = "<group>"; };
		70E5B9A826B6A77600047E97 /* Info.plist */ = {isa = PBXFileReference; lastKnownFileType = text.plist.xml; path = Info.plist; sourceTree = "<group>"; };
		70E5B9B426B6A94700047E97 /* Home.swift */ = {isa = PBXFileReference; lastKnownFileType = sourcecode.swift; path = Home.swift; sourceTree = "<group>"; };
/* End PBXFileReference section */

/* Begin PBXFrameworksBuildPhase section */
		70E5B99126B6A77500047E97 /* Frameworks */ = {
			isa = PBXFrameworksBuildPhase;
			buildActionMask = 2147483647;
			files = (
			);
			runOnlyForDeploymentPostprocessing = 0;
		};
/* End PBXFrameworksBuildPhase section */

/* Begin PBXGroup section */
		7038500C26B6BC3500193D22 /* CustomNavigation */ = {
			isa = PBXGroup;
			children = (
				7038501226B6BCA100193D22 /* YoutubeStyle.swift */,
			);
			path = CustomNavigation;
			sourceTree = "<group>";
		};
		7039042926B78EC10051821E /* Marketplace */ = {
			isa = PBXGroup;
			children = (
				7039042B26B78ED20051821E /* View */,
				7039042A26B78ECC0051821E /* Model */,
			);
			path = Marketplace;
			sourceTree = "<group>";
		};
		7039042A26B78ECC0051821E /* Model */ = {
			isa = PBXGroup;
			children = (
				7039042F26B790BC0051821E /* Structure.swift */,
				7039043126B790C50051821E /* Data.swift */,
			);
			path = Model;
			sourceTree = "<group>";
		};
		7039042B26B78ED20051821E /* View */ = {
			isa = PBXGroup;
			children = (
				7039042D26B78F0F0051821E /* HomeMarketplace.swift */,
			);
			path = View;
			sourceTree = "<group>";
		};
		70E5B98B26B6A77500047E97 = {
			isa = PBXGroup;
			children = (
				70E5B99626B6A77500047E97 /* PortfolioDhika */,
				70E5B99526B6A77500047E97 /* Products */,
			);
			sourceTree = "<group>";
		};
		70E5B99526B6A77500047E97 /* Products */ = {
			isa = PBXGroup;
			children = (
				70E5B99426B6A77500047E97 /* PortfolioDhika.app */,
			);
			name = Products;
			sourceTree = "<group>";
		};
		70E5B99626B6A77500047E97 /* PortfolioDhika */ = {
			isa = PBXGroup;
			children = (
				7039042926B78EC10051821E /* Marketplace */,
				7038500C26B6BC3500193D22 /* CustomNavigation */,
				70E5B9B226B6A8F600047E97 /* Home */,
				70E5B99726B6A77500047E97 /* AppDelegate.swift */,
				70E5B99926B6A77500047E97 /* SceneDelegate.swift */,
				70E5B99B26B6A77500047E97 /* ContentView.swift */,
				70E5B9A026B6A77600047E97 /* Assets.xcassets */,
				70E5B9A526B6A77600047E97 /* LaunchScreen.storyboard */,
				70E5B9A826B6A77600047E97 /* Info.plist */,
				70E5B99D26B6A77500047E97 /* PortfolioDhika.xcdatamodeld */,
				70E5B9A226B6A77600047E97 /* Preview Content */,
			);
			path = PortfolioDhika;
			sourceTree = "<group>";
		};
		70E5B9A226B6A77600047E97 /* Preview Content */ = {
			isa = PBXGroup;
			children = (
				70E5B9A326B6A77600047E97 /* Preview Assets.xcassets */,
			);
			path = "Preview Content";
			sourceTree = "<group>";
		};
		70E5B9B226B6A8F600047E97 /* Home */ = {
			isa = PBXGroup;
			children = (
				70E5B9B326B6A90200047E97 /* View */,
			);
			path = Home;
			sourceTree = "<group>";
		};
		70E5B9B326B6A90200047E97 /* View */ = {
			isa = PBXGroup;
			children = (
				70E5B9B426B6A94700047E97 /* Home.swift */,
			);
			path = View;
			sourceTree = "<group>";
		};
/* End PBXGroup section */

/* Begin PBXNativeTarget section */
		70E5B99326B6A77500047E97 /* PortfolioDhika */ = {
			isa = PBXNativeTarget;
			buildConfigurationList = 70E5B9AB26B6A77600047E97 /* Build configuration list for PBXNativeTarget "PortfolioDhika" */;
			buildPhases = (
				70E5B99026B6A77500047E97 /* Sources */,
				70E5B99126B6A77500047E97 /* Frameworks */,
				70E5B99226B6A77500047E97 /* Resources */,
			);
			buildRules = (
			);
			dependencies = (
			);
			name = PortfolioDhika;
			productName = PortfolioDhika;
			productReference = 70E5B99426B6A77500047E97 /* PortfolioDhika.app */;
			productType = "com.apple.product-type.application";
		};
/* End PBXNativeTarget section */

/* Begin PBXProject section */
		70E5B98C26B6A77500047E97 /* Project object */ = {
			isa = PBXProject;
			attributes = {
				LastSwiftUpdateCheck = 1250;
				LastUpgradeCheck = 1250;
				TargetAttributes = {
					70E5B99326B6A77500047E97 = {
						CreatedOnToolsVersion = 12.5.1;
					};
				};
			};
			buildConfigurationList = 70E5B98F26B6A77500047E97 /* Build configuration list for PBXProject "PortfolioDhika" */;
			compatibilityVersion = "Xcode 9.3";
			developmentRegion = en;
			hasScannedForEncodings = 0;
			knownRegions = (
				en,
				Base,
			);
			mainGroup = 70E5B98B26B6A77500047E97;
			productRefGroup = 70E5B99526B6A77500047E97 /* Products */;
			projectDirPath = "";
			projectRoot = "";
			targets = (
				70E5B99326B6A77500047E97 /* PortfolioDhika */,
			);
		};
/* End PBXProject section */

/* Begin PBXResourcesBuildPhase section */
		70E5B99226B6A77500047E97 /* Resources */ = {
			isa = PBXResourcesBuildPhase;
			buildActionMask = 2147483647;
			files = (
				70E5B9A726B6A77600047E97 /* LaunchScreen.storyboard in Resources */,
				70E5B9A426B6A77600047E97 /* Preview Assets.xcassets in Resources */,
				70E5B9A126B6A77600047E97 /* Assets.xcassets in Resources */,
			);
			runOnlyForDeploymentPostprocessing = 0;
		};
/* End PBXResourcesBuildPhase section */

/* Begin PBXSourcesBuildPhase section */
		70E5B99026B6A77500047E97 /* Sources */ = {
			isa = PBXSourcesBuildPhase;
			buildActionMask = 2147483647;
			files = (
				70E5B99826B6A77500047E97 /* AppDelegate.swift in Sources */,
				70E5B99A26B6A77500047E97 /* SceneDelegate.swift in Sources */,
				70E5B9B526B6A94700047E97 /* Home.swift in Sources */,
				7039043026B790BC0051821E /* Structure.swift in Sources */,
				7038501326B6BCA100193D22 /* YoutubeStyle.swift in Sources */,
				70E5B99F26B6A77500047E97 /* PortfolioDhika.xcdatamodeld in Sources */,
				7039042E26B78F0F0051821E /* HomeMarketplace.swift in Sources */,
				7039043226B790C50051821E /* Data.swift in Sources */,
				70E5B99C26B6A77500047E97 /* ContentView.swift in Sources */,
			);
			runOnlyForDeploymentPostprocessing = 0;
		};
/* End PBXSourcesBuildPhase section */

/* Begin PBXVariantGroup section */
		70E5B9A526B6A77600047E97 /* LaunchScreen.storyboard */ = {
			isa = PBXVariantGroup;
			children = (
				70E5B9A626B6A77600047E97 /* Base */,
			);
			name = LaunchScreen.storyboard;
			sourceTree = "<group>";
		};
/* End PBXVariantGroup section */

/* Begin XCBuildConfiguration section */
		70E5B9A926B6A77600047E97 /* Debug */ = {
			isa = XCBuildConfiguration;
			buildSettings = {
				ALWAYS_SEARCH_USER_PATHS = NO;
				CLANG_ANALYZER_NONNULL = YES;
				CLANG_ANALYZER_NUMBER_OBJECT_CONVERSION = YES_AGGRESSIVE;
				CLANG_CXX_LANGUAGE_STANDARD = "gnu++14";
				CLANG_CXX_LIBRARY = "libc++";
				CLANG_ENABLE_MODULES = YES;
				CLANG_ENABLE_OBJC_ARC = YES;
				CLANG_ENABLE_OBJC_WEAK = YES;
				CLANG_WARN_BLOCK_CAPTURE_AUTORELEASING = YES;
				CLANG_WARN_BOOL_CONVERSION = YES;
				CLANG_WARN_COMMA = YES;
				CLANG_WARN_CONSTANT_CONVERSION = YES;
				CLANG_WARN_DEPRECATED_OBJC_IMPLEMENTATIONS = YES;
				CLANG_WARN_DIRECT_OBJC_ISA_USAGE = YES_ERROR;
				CLANG_WARN_DOCUMENTATION_COMMENTS = YES;
				CLANG_WARN_EMPTY_BODY = YES;
				CLANG_WARN_ENUM_CONVERSION = YES;
				CLANG_WARN_INFINITE_RECURSION = YES;
				CLANG_WARN_INT_CONVERSION = YES;
				CLANG_WARN_NON_LITERAL_NULL_CONVERSION = YES;
				CLANG_WARN_OBJC_IMPLICIT_RETAIN_SELF = YES;
				CLANG_WARN_OBJC_LITERAL_CONVERSION = YES;
				CLANG_WARN_OBJC_ROOT_CLASS = YES_ERROR;
				CLANG_WARN_QUOTED_INCLUDE_IN_FRAMEWORK_HEADER = YES;
				CLANG_WARN_RANGE_LOOP_ANALYSIS = YES;
				CLANG_WARN_STRICT_PROTOTYPES = YES;
				CLANG_WARN_SUSPICIOUS_MOVE = YES;
				CLANG_WARN_UNGUARDED_AVAILABILITY = YES_AGGRESSIVE;
				CLANG_WARN_UNREACHABLE_CODE = YES;
				CLANG_WARN__DUPLICATE_METHOD_MATCH = YES;
				COPY_PHASE_STRIP = NO;
				DEBUG_INFORMATION_FORMAT = dwarf;
				ENABLE_STRICT_OBJC_MSGSEND = YES;
				ENABLE_TESTABILITY = YES;
				GCC_C_LANGUAGE_STANDARD = gnu11;
				GCC_DYNAMIC_NO_PIC = NO;
				GCC_NO_COMMON_BLOCKS = YES;
				GCC_OPTIMIZATION_LEVEL = 0;
				GCC_PREPROCESSOR_DEFINITIONS = (
					"DEBUG=1",
					"$(inherited)",
				);
				GCC_WARN_64_TO_32_BIT_CONVERSION = YES;
				GCC_WARN_ABOUT_RETURN_TYPE = YES_ERROR;
				GCC_WARN_UNDECLARED_SELECTOR = YES;
				GCC_WARN_UNINITIALIZED_AUTOS = YES_AGGRESSIVE;
				GCC_WARN_UNUSED_FUNCTION = YES;
				GCC_WARN_UNUSED_VARIABLE = YES;
				IPHONEOS_DEPLOYMENT_TARGET = 14.5;
				MTL_ENABLE_DEBUG_INFO = INCLUDE_SOURCE;
				MTL_FAST_MATH = YES;
				ONLY_ACTIVE_ARCH = YES;
				SDKROOT = iphoneos;
				SWIFT_ACTIVE_COMPILATION_CONDITIONS = DEBUG;
				SWIFT_OPTIMIZATION_LEVEL = "-Onone";
			};
			name = Debug;
		};
		70E5B9AA26B6A77600047E97 /* Release */ = {
			isa = XCBuildConfiguration;
			buildSettings = {
				ALWAYS_SEARCH_USER_PATHS = NO;
				CLANG_ANALYZER_NONNULL = YES;
				CLANG_ANALYZER_NUMBER_OBJECT_CONVERSION = YES_AGGRESSIVE;
				CLANG_CXX_LANGUAGE_STANDARD = "gnu++14";
				CLANG_CXX_LIBRARY = "libc++";
				CLANG_ENABLE_MODULES = YES;
				CLANG_ENABLE_OBJC_ARC = YES;
				CLANG_ENABLE_OBJC_WEAK = YES;
				CLANG_WARN_BLOCK_CAPTURE_AUTORELEASING = YES;
				CLANG_WARN_BOOL_CONVERSION = YES;
				CLANG_WARN_COMMA = YES;
				CLANG_WARN_CONSTANT_CONVERSION = YES;
				CLANG_WARN_DEPRECATED_OBJC_IMPLEMENTATIONS = YES;
				CLANG_WARN_DIRECT_OBJC_ISA_USAGE = YES_ERROR;
				CLANG_WARN_DOCUMENTATION_COMMENTS = YES;
				CLANG_WARN_EMPTY_BODY = YES;
				CLANG_WARN_ENUM_CONVERSION = YES;
				CLANG_WARN_INFINITE_RECURSION = YES;
				CLANG_WARN_INT_CONVERSION = YES;
				CLANG_WARN_NON_LITERAL_NULL_CONVERSION = YES;
				CLANG_WARN_OBJC_IMPLICIT_RETAIN_SELF = YES;
				CLANG_WARN_OBJC_LITERAL_CONVERSION = YES;
				CLANG_WARN_OBJC_ROOT_CLASS = YES_ERROR;
				CLANG_WARN_QUOTED_INCLUDE_IN_FRAMEWORK_HEADER = YES;
				CLANG_WARN_RANGE_LOOP_ANALYSIS = YES;
				CLANG_WARN_STRICT_PROTOTYPES = YES;
				CLANG_WARN_SUSPICIOUS_MOVE = YES;
				CLANG_WARN_UNGUARDED_AVAILABILITY = YES_AGGRESSIVE;
				CLANG_WARN_UNREACHABLE_CODE = YES;
				CLANG_WARN__DUPLICATE_METHOD_MATCH = YES;
				COPY_PHASE_STRIP = NO;
				DEBUG_INFORMATION_FORMAT = "dwarf-with-dsym";
				ENABLE_NS_ASSERTIONS = NO;
				ENABLE_STRICT_OBJC_MSGSEND = YES;
				GCC_C_LANGUAGE_STANDARD = gnu11;
				GCC_NO_COMMON_BLOCKS = YES;
				GCC_WARN_64_TO_32_BIT_CONVERSION = YES;
				GCC_WARN_ABOUT_RETURN_TYPE = YES_ERROR;
				GCC_WARN_UNDECLARED_SELECTOR = YES;
				GCC_WARN_UNINITIALIZED_AUTOS = YES_AGGRESSIVE;
				GCC_WARN_UNUSED_FUNCTION = YES;
				GCC_WARN_UNUSED_VARIABLE = YES;
				IPHONEOS_DEPLOYMENT_TARGET = 14.5;
				MTL_ENABLE_DEBUG_INFO = NO;
				MTL_FAST_MATH = YES;
				SDKROOT = iphoneos;
				SWIFT_COMPILATION_MODE = wholemodule;
				SWIFT_OPTIMIZATION_LEVEL = "-O";
				VALIDATE_PRODUCT = YES;
			};
			name = Release;
		};
		70E5B9AC26B6A77600047E97 /* Debug */ = {
			isa = XCBuildConfiguration;
			buildSettings = {
				ASSETCATALOG_COMPILER_APPICON_NAME = AppIcon;
				ASSETCATALOG_COMPILER_GLOBAL_ACCENT_COLOR_NAME = AccentColor;
				CODE_SIGN_STYLE = Automatic;
				DEVELOPMENT_ASSET_PATHS = "\"PortfolioDhika/Preview Content\"";
				DEVELOPMENT_TEAM = W6NYRRRG5Q;
				ENABLE_PREVIEWS = YES;
				INFOPLIST_FILE = PortfolioDhika/Info.plist;
				LD_RUNPATH_SEARCH_PATHS = (
					"$(inherited)",
					"@executable_path/Frameworks",
				);
				PRODUCT_BUNDLE_IDENTIFIER = com.dhikadityre.portfolio.PortfolioDhika;
				PRODUCT_NAME = "$(TARGET_NAME)";
				SWIFT_VERSION = 5.0;
				TARGETED_DEVICE_FAMILY = "1,2";
			};
			name = Debug;
		};
		70E5B9AD26B6A77600047E97 /* Release */ = {
			isa = XCBuildConfiguration;
			buildSettings = {
				ASSETCATALOG_COMPILER_APPICON_NAME = AppIcon;
				ASSETCATALOG_COMPILER_GLOBAL_ACCENT_COLOR_NAME = AccentColor;
				CODE_SIGN_STYLE = Automatic;
				DEVELOPMENT_ASSET_PATHS = "\"PortfolioDhika/Preview Content\"";
				DEVELOPMENT_TEAM = W6NYRRRG5Q;
				ENABLE_PREVIEWS = YES;
				INFOPLIST_FILE = PortfolioDhika/Info.plist;
				LD_RUNPATH_SEARCH_PATHS = (
					"$(inherited)",
					"@executable_path/Frameworks",
				);
				PRODUCT_BUNDLE_IDENTIFIER = com.dhikadityre.portfolio.PortfolioDhika;
				PRODUCT_NAME = "$(TARGET_NAME)";
				SWIFT_VERSION = 5.0;
				TARGETED_DEVICE_FAMILY = "1,2";
			};
			name = Release;
		};
/* End XCBuildConfiguration section */

/* Begin XCConfigurationList section */
		70E5B98F26B6A77500047E97 /* Build configuration list for PBXProject "PortfolioDhika" */ = {
			isa = XCConfigurationList;
			buildConfigurations = (
				70E5B9A926B6A77600047E97 /* Debug */,
				70E5B9AA26B6A77600047E97 /* Release */,
			);
			defaultConfigurationIsVisible = 0;
			defaultConfigurationName = Release;
		};
		70E5B9AB26B6A77600047E97 /* Build configuration list for PBXNativeTarget "PortfolioDhika" */ = {
			isa = XCConfigurationList;
			buildConfigurations = (
				70E5B9AC26B6A77600047E97 /* Debug */,
				70E5B9AD26B6A77600047E97 /* Release */,
			);
			defaultConfigurationIsVisible = 0;
			defaultConfigurationName = Release;
		};
/* End XCConfigurationList section */

/* Begin XCVersionGroup section */
		70E5B99D26B6A77500047E97 /* PortfolioDhika.xcdatamodeld */ = {
			isa = XCVersionGroup;
			children = (
				70E5B99E26B6A77500047E97 /* PortfolioDhika.xcdatamodel */,
			);
			currentVersion = 70E5B99E26B6A77500047E97 /* PortfolioDhika.xcdatamodel */;
			path = PortfolioDhika.xcdatamodeld;
			sourceTree = "<group>";
			versionGroupType = wrapper.xcdatamodel;
		};
/* End XCVersionGroup section */
	};
	rootObject = 70E5B98C26B6A77500047E97 /* Project object */;
}
